<?xml version="1.0" encoding="utf-8"?>
<Project ToolsVersion="4.0" xmlns="http://schemas.microsoft.com/developer/msbuild/2003">
  <ItemGroup>
    <Filter Include="Source Files">
      <UniqueIdentifier>{4FC737F1-C7A5-4376-A066-2A32D752A2FF}</UniqueIdentifier>
      <Extensions>cpp;c;cc;cxx;def;odl;idl;hpj;bat;asm;asmx</Extensions>
    </Filter>
    <Filter Include="Header Files">
      <UniqueIdentifier>{93995380-89BD-4b04-88EB-625FBE52EBFB}</UniqueIdentifier>
      <Extensions>h;hh;hpp;hxx;hm;inl;inc;xsd</Extensions>
    </Filter>
    <Filter Include="Resource Files">
      <UniqueIdentifier>{67DA6AB6-F800-4c08-8B7A-83BB121AAD01}</UniqueIdentifier>
      <Extensions>qrc;rc;ico;cur;bmp;dlg;rc2;rct;bin;rgs;gif;jpg;jpeg;jpe;resx;tiff;tif;png;wav;mfcribbon-ms</Extensions>
    </Filter>
    <Filter Include="Form Files">
      <UniqueIdentifier>{99349809-55BA-4b9d-BF79-8FDBB0286EB3}</UniqueIdentifier>
      <Extensions>ui</Extensions>
    </Filter>
    <Filter Include="Translation Files">
      <UniqueIdentifier>{639EADAA-A684-42e4-A9AD-28FC9BCB8F7C}</UniqueIdentifier>
      <Extensions>ts</Extensions>
    </Filter>
    <Filter Include="UI">
      <UniqueIdentifier>{efe3195e-3822-4843-a603-e783daac97d4}</UniqueIdentifier>
    </Filter>
    <Filter Include="UI\EDIT">
      <UniqueIdentifier>{ab090ece-3653-4d69-8e21-483d1f19b6ac}</UniqueIdentifier>
    </Filter>
    <Filter Include="EDIT">
      <UniqueIdentifier>{b1511e4f-b7fb-4cb0-816c-f1cc7488a9d3}</UniqueIdentifier>
    </Filter>
    <Filter Include="Common">
      <UniqueIdentifier>{e1bcc276-8bdb-4caa-9630-7c71edaf09fa}</UniqueIdentifier>
    </Filter>
  </ItemGroup>
  <ItemGroup>
    <QtRcc Include="QtMediaPlayer.qrc">
      <Filter>Resource Files</Filter>
    </QtRcc>
    <QtUic Include="QtMediaPlayer.ui">
      <Filter>Form Files</Filter>
    </QtUic>
    <QtMoc Include="QtMediaPlayer.h">
      <Filter>Header Files</Filter>
    </QtMoc>
    <ClCompile Include="QtMediaPlayer.cpp">
      <Filter>Source Files</Filter>
    </ClCompile>
  </ItemGroup>
  <ItemGroup>
    <ClCompile Include="main.cpp">
      <Filter>Source Files</Filter>
    </ClCompile>
    <ClCompile Include="EDIT\VideoScaleWidget.cpp">
      <Filter>EDIT</Filter>
    </ClCompile>
    <ClCompile Include="EDIT\VideoListWidget.cpp">
      <Filter>EDIT</Filter>
    </ClCompile>
    <ClCompile Include="Common\DragShadow.cpp">
      <Filter>Common</Filter>
    </ClCompile>
    <ClCompile Include="Common\FrameLess.cpp">
      <Filter>Common</Filter>
    </ClCompile>
  </ItemGroup>
  <ItemGroup>
    <QtUic Include="VideoScaleWidget.ui">
      <Filter>UI\EDIT</Filter>
    </QtUic>
    <QtUic Include="VideoListWidget.ui">
      <Filter>UI\EDIT</Filter>
    </QtUic>
  </ItemGroup>
  <ItemGroup>
    <QtMoc Include="EDIT\VideoScaleWidget.h">
      <Filter>EDIT</Filter>
    </QtMoc>
    <QtMoc Include="EDIT\VideoListWidget.h">
      <Filter>EDIT</Filter>
    </QtMoc>
    <QtMoc Include="Common\DragShadow.h">
      <Filter>Common</Filter>
    </QtMoc>
    <QtMoc Include="Common\FrameLess.h">
      <Filter>Common</Filter>
    </QtMoc>
  </ItemGroup>
</Project>