
Microsoft Visual Studio Solution File, Format Version 12.00
# Visual Studio Version 16
VisualStudioVersion = 16.0.33801.447
MinimumVisualStudioVersion = 10.0.40219.1
Project("{8BC9CEB8-8B4A-11D0-8D11-00A0C91BC942}") = "QtFFplay", "QtFFplay\QtFFplay.vcxproj", "{A040F53C-0DB5-4716-B5FF-B1BDEC524E98}"
EndProject
Project("{8BC9CEB8-8B4A-11D0-8D11-00A0C91BC942}") = "QtMediaPlayer", "QtMediaPlayer\QtMediaPlayer.vcxproj", "{EE7731E7-EAFE-40EB-A454-1FE505300453}"
EndProject
Global
	GlobalSection(SolutionConfigurationPlatforms) = preSolution
		Debug|x86 = Debug|x86
		Release|x86 = Release|x86
	EndGlobalSection
	GlobalSection(ProjectConfigurationPlatforms) = postSolution
		{A040F53C-0DB5-4716-B5FF-B1BDEC524E98}.Debug|x86.ActiveCfg = Debug|Win32
		{A040F53C-0DB5-4716-B5FF-B1BDEC524E98}.Debug|x86.Build.0 = Debug|Win32
		{A040F53C-0DB5-4716-B5FF-B1BDEC524E98}.Release|x86.ActiveCfg = Release|Win32
		{A040F53C-0DB5-4716-B5FF-B1BDEC524E98}.Release|x86.Build.0 = Release|Win32
		{EE7731E7-EAFE-40EB-A454-1FE505300453}.Debug|x86.ActiveCfg = Debug|Win32
		{EE7731E7-EAFE-40EB-A454-1FE505300453}.Debug|x86.Build.0 = Debug|Win32
		{EE7731E7-EAFE-40EB-A454-1FE505300453}.Release|x86.ActiveCfg = Release|Win32
		{EE7731E7-EAFE-40EB-A454-1FE505300453}.Release|x86.Build.0 = Release|Win32
	EndGlobalSection
	GlobalSection(SolutionProperties) = preSolution
		HideSolutionNode = FALSE
	EndGlobalSection
	GlobalSection(ExtensibilityGlobals) = postSolution
		SolutionGuid = {54B76EBF-B39C-44C9-9C9F-5990A4299B29}
	EndGlobalSection
EndGlobal
